<?xml version="1.0" encoding="utf-8"?>
<Project ToolsVersion="4.0" xmlns="http://schemas.microsoft.com/developer/msbuild/2003">
  <ItemGroup>
    <Filter Include="core">
      <UniqueIdentifier>{4E40957C-3A77-960D-E363-7C10CF79120F}</UniqueIdentifier>
    </Filter>
    <Filter Include="core\rendering">
      <UniqueIdentifier>{3B63E6A1-2731-DAA7-10C5-4ACEFC31B60C}</UniqueIdentifier>
    </Filter>
    <Filter Include="ext">
      <UniqueIdentifier>{7670880B-E279-887C-6BF5-9E7CD7FD937C}</UniqueIdentifier>
    </Filter>
    <Filter Include="ext\assimp">
      <UniqueIdentifier>{D2FA9982-BEB2-DBCF-27BA-B42B139176C0}</UniqueIdentifier>
    </Filter>
    <Filter Include="ext\assimp\assimp">
      <UniqueIdentifier>{AEC5F4A0-1ADC-F236-6353-7E58CFA8C3BE}</UniqueIdentifier>
    </Filter>
    <Filter Include="ext\assimp\assimp\Compiler">
      <UniqueIdentifier>{D8484D73-C458-F943-2D12-5E621941E8DC}</UniqueIdentifier>
    </Filter>
    <Filter Include="ext\assimp\assimp\port">
      <UniqueIdentifier>{E2532B7B-CE4D-54CD-B7BA-EADDA353BA39}</UniqueIdentifier>
    </Filter>
    <Filter Include="ext\assimp\assimp\port\AndroidJNI">
      <UniqueIdentifier>{F38C4D94-5FFB-A213-A8E4-5D13149298AF}</UniqueIdentifier>
    </Filter>
    <Filter Include="ext\imgui">
      <UniqueIdentifier>{607EC0FC-CCE8-7473-1527-261981D052C8}</UniqueIdentifier>
    </Filter>
    <Filter Include="ext\opengl">
      <UniqueIdentifier>{4A5104A3-3609-46F0-9F10-1F4C8BE7E0E0}</UniqueIdentifier>
    </Filter>
    <Filter Include="ext\opengl\glew">
      <UniqueIdentifier>{288389C7-940E-F78B-9D1F-7A80092A538C}</UniqueIdentifier>
    </Filter>
    <Filter Include="ext\opengl\glew\include">
      <UniqueIdentifier>{9B525B1C-078A-A3B3-1094-07D77C4ACAAC}</UniqueIdentifier>
    </Filter>
    <Filter Include="ext\opengl\glew\include\GL">
      <UniqueIdentifier>{1DE2C7AF-09F2-7380-72AB-D89E5EDA6219}</UniqueIdentifier>
    </Filter>
    <Filter Include="ext\opengl\glfw">
      <UniqueIdentifier>{498389C7-B50E-F78B-BE1F-7A802A2A538C}</UniqueIdentifier>
    </Filter>
    <Filter Include="ext\opengl\glfw\include">
      <UniqueIdentifier>{BCE36520-281B-AEB7-3125-12DB9DDBD4B0}</UniqueIdentifier>
    </Filter>
    <Filter Include="ext\opengl\glfw\include\GLFW">
      <UniqueIdentifier>{7B549064-670F-8010-10C7-F85AFC60CAA0}</UniqueIdentifier>
    </Filter>
    <Filter Include="ext\opengl\glm">
      <UniqueIdentifier>{99701B44-853E-0F4A-6ED2-7F705A3FEBAE}</UniqueIdentifier>
    </Filter>
    <Filter Include="ext\opengl\glm\simd">
      <UniqueIdentifier>{95143AB7-0176-17C5-8AE3-5D77F6434E84}</UniqueIdentifier>
    </Filter>
    <Filter Include="ext\stb">
      <UniqueIdentifier>{CE79B382-3A59-321E-4371-BDF4AFCF987F}</UniqueIdentifier>
    </Filter>
    <Filter Include="ext\zlib">
      <UniqueIdentifier>{766926D9-6236-81E4-8B4F-6F8C777BB672}</UniqueIdentifier>
    </Filter>
    <Filter Include="ext\zlib\include">
      <UniqueIdentifier>{E9A66855-D59F-87A7-FED1-6C2CEA2967B3}</UniqueIdentifier>
    </Filter>
    <Filter Include="terrain">
      <UniqueIdentifier>{9A430BD9-0623-8A74-0F3B-154B7B99F0D5}</UniqueIdentifier>
    </Filter>
    <Filter Include="utils">
      <UniqueIdentifier>{169C8510-82B0-ADC1-4B32-5121B705AAF2}</UniqueIdentifier>
    </Filter>
    <Filter Include="utils\gameObj">
      <UniqueIdentifier>{5A6C09E0-C62C-8516-8F67-CE93FBE6C9F2}</UniqueIdentifier>
    </Filter>
    <Filter Include="utils\stuff">
      <UniqueIdentifier>{4DE7D030-B99C-4926-4291-43FDAE45402A}</UniqueIdentifier>
    </Filter>
  </ItemGroup>
  <ItemGroup>
    <ClInclude Include="core\Engine.h">
      <Filter>core</Filter>
    </ClInclude>
    <ClInclude Include="core\rendering\IEmissionShape.h">
      <Filter>core\rendering</Filter>
    </ClInclude>
    <ClInclude Include="core\rendering\Mesh.h">
      <Filter>core\rendering</Filter>
    </ClInclude>
    <ClInclude Include="core\rendering\Model.h">
      <Filter>core\rendering</Filter>
    </ClInclude>
    <ClInclude Include="core\rendering\Particle.h">
      <Filter>core\rendering</Filter>
    </ClInclude>
    <ClInclude Include="core\rendering\ParticleEmitter.h">
      <Filter>core\rendering</Filter>
    </ClInclude>
    <ClInclude Include="core\rendering\RectangleEmissionShape.h">
      <Filter>core\rendering</Filter>
    </ClInclude>
    <ClInclude Include="ext\assimp\assimp\AssertHandler.h">
      <Filter>ext\assimp\assimp</Filter>
    </ClInclude>
    <ClInclude Include="ext\assimp\assimp\BaseImporter.h">
      <Filter>ext\assimp\assimp</Filter>
    </ClInclude>
    <ClInclude Include="ext\assimp\assimp\Bitmap.h">
      <Filter>ext\assimp\assimp</Filter>
    </ClInclude>
    <ClInclude Include="ext\assimp\assimp\BlobIOSystem.h">
      <Filter>ext\assimp\assimp</Filter>
    </ClInclude>
    <ClInclude Include="ext\assimp\assimp\ByteSwapper.h">
      <Filter>ext\assimp\assimp</Filter>
    </ClInclude>
    <ClInclude Include="ext\assimp\assimp\ColladaMetaData.h">
      <Filter>ext\assimp\assimp</Filter>
    </ClInclude>
    <ClInclude Include="ext\assimp\assimp\Compiler\poppack1.h">
      <Filter>ext\assimp\assimp\Compiler</Filter>
    </ClInclude>
    <ClInclude Include="ext\assimp\assimp\Compiler\pstdint.h">
      <Filter>ext\assimp\assimp\Compiler</Filter>
    </ClInclude>
    <ClInclude Include="ext\assimp\assimp\Compiler\pushpack1.h">
      <Filter>ext\assimp\assimp\Compiler</Filter>
    </ClInclude>
    <ClInclude Include="ext\assimp\assimp\CreateAnimMesh.h">
      <Filter>ext\assimp\assimp</Filter>
    </ClInclude>
    <ClInclude Include="ext\assimp\assimp\DefaultIOStream.h">
      <Filter>ext\assimp\assimp</Filter>
    </ClInclude>
    <ClInclude Include="ext\assimp\assimp\DefaultIOSystem.h">
      <Filter>ext\assimp\assimp</Filter>
    </ClInclude>
    <ClInclude Include="ext\assimp\assimp\Exceptional.h">
      <Filter>ext\assimp\assimp</Filter>
    </ClInclude>
    <ClInclude Include="ext\assimp\assimp\GenericProperty.h">
      <Filter>ext\assimp\assimp</Filter>
    </ClInclude>
    <ClInclude Include="ext\assimp\assimp\GltfMaterial.h">
      <Filter>ext\assimp\assimp</Filter>
    </ClInclude>
    <ClInclude Include="ext\assimp\assimp\Hash.h">
      <Filter>ext\assimp\assimp</Filter>
    </ClInclude>
    <ClInclude Include="ext\assimp\assimp\IOStreamBuffer.h">
      <Filter>ext\assimp\assimp</Filter>
    </ClInclude>
    <ClInclude Include="ext\assimp\assimp\LineSplitter.h">
      <Filter>ext\assimp\assimp</Filter>
    </ClInclude>
    <ClInclude Include="ext\assimp\assimp\LogAux.h">
      <Filter>ext\assimp\assimp</Filter>
    </ClInclude>
    <ClInclude Include="ext\assimp\assimp\MathFunctions.h">
      <Filter>ext\assimp\assimp</Filter>
    </ClInclude>
    <ClInclude Include="ext\assimp\assimp\MemoryIOWrapper.h">
      <Filter>ext\assimp\assimp</Filter>
    </ClInclude>
    <ClInclude Include="ext\assimp\assimp\ObjMaterial.h">
      <Filter>ext\assimp\assimp</Filter>
    </ClInclude>
    <ClInclude Include="ext\assimp\assimp\ParsingUtils.h">
      <Filter>ext\assimp\assimp</Filter>
    </ClInclude>
    <ClInclude Include="ext\assimp\assimp\Profiler.h">
      <Filter>ext\assimp\assimp</Filter>
    </ClInclude>
    <ClInclude Include="ext\assimp\assimp\RemoveComments.h">
      <Filter>ext\assimp\assimp</Filter>
    </ClInclude>
    <ClInclude Include="ext\assimp\assimp\SGSpatialSort.h">
      <Filter>ext\assimp\assimp</Filter>
    </ClInclude>
    <ClInclude Include="ext\assimp\assimp\SceneCombiner.h">
      <Filter>ext\assimp\assimp</Filter>
    </ClInclude>
    <ClInclude Include="ext\assimp\assimp\SkeletonMeshBuilder.h">
      <Filter>ext\assimp\assimp</Filter>
    </ClInclude>
    <ClInclude Include="ext\assimp\assimp\SmallVector.h">
      <Filter>ext\assimp\assimp</Filter>
    </ClInclude>
    <ClInclude Include="ext\assimp\assimp\SmoothingGroups.h">
      <Filter>ext\assimp\assimp</Filter>
    </ClInclude>
    <ClInclude Include="ext\assimp\assimp\SpatialSort.h">
      <Filter>ext\assimp\assimp</Filter>
    </ClInclude>
    <ClInclude Include="ext\assimp\assimp\StandardShapes.h">
      <Filter>ext\assimp\assimp</Filter>
    </ClInclude>
    <ClInclude Include="ext\assimp\assimp\StreamReader.h">
      <Filter>ext\assimp\assimp</Filter>
    </ClInclude>
    <ClInclude Include="ext\assimp\assimp\StreamWriter.h">
      <Filter>ext\assimp\assimp</Filter>
    </ClInclude>
    <ClInclude Include="ext\assimp\assimp\StringComparison.h">
      <Filter>ext\assimp\assimp</Filter>
    </ClInclude>
    <ClInclude Include="ext\assimp\assimp\StringUtils.h">
      <Filter>ext\assimp\assimp</Filter>
    </ClInclude>
    <ClInclude Include="ext\assimp\assimp\Subdivision.h">
      <Filter>ext\assimp\assimp</Filter>
    </ClInclude>
    <ClInclude Include="ext\assimp\assimp\TinyFormatter.h">
      <Filter>ext\assimp\assimp</Filter>
    </ClInclude>
    <ClInclude Include="ext\assimp\assimp\Vertex.h">
      <Filter>ext\assimp\assimp</Filter>
    </ClInclude>
    <ClInclude Include="ext\assimp\assimp\XMLTools.h">
      <Filter>ext\assimp\assimp</Filter>
    </ClInclude>
    <ClInclude Include="ext\assimp\assimp\XmlParser.h">
      <Filter>ext\assimp\assimp</Filter>
    </ClInclude>
    <ClInclude Include="ext\assimp\assimp\ZipArchiveIOSystem.h">
      <Filter>ext\assimp\assimp</Filter>
    </ClInclude>
    <ClInclude Include="ext\assimp\assimp\aabb.h">
      <Filter>ext\assimp\assimp</Filter>
    </ClInclude>
    <ClInclude Include="ext\assimp\assimp\ai_assert.h">
      <Filter>ext\assimp\assimp</Filter>
    </ClInclude>
    <ClInclude Include="ext\assimp\assimp\anim.h">
      <Filter>ext\assimp\assimp</Filter>
    </ClInclude>
    <ClInclude Include="ext\assimp\assimp\camera.h">
      <Filter>ext\assimp\assimp</Filter>
    </ClInclude>
    <ClInclude Include="ext\assimp\assimp\cexport.h">
      <Filter>ext\assimp\assimp</Filter>
    </ClInclude>
    <ClInclude Include="ext\assimp\assimp\cfileio.h">
      <Filter>ext\assimp\assimp</Filter>
    </ClInclude>
    <ClInclude Include="ext\assimp\assimp\cimport.h">
      <Filter>ext\assimp\assimp</Filter>
    </ClInclude>
    <ClInclude Include="ext\assimp\assimp\color4.h">
      <Filter>ext\assimp\assimp</Filter>
    </ClInclude>
    <ClInclude Include="ext\assimp\assimp\commonMetaData.h">
      <Filter>ext\assimp\assimp</Filter>
    </ClInclude>
    <ClInclude Include="ext\assimp\assimp\config.h">
      <Filter>ext\assimp\assimp</Filter>
    </ClInclude>
    <ClInclude Include="ext\assimp\assimp\defs.h">
      <Filter>ext\assimp\assimp</Filter>
    </ClInclude>
    <ClInclude Include="ext\assimp\assimp\fast_atof.h">
      <Filter>ext\assimp\assimp</Filter>
    </ClInclude>
    <ClInclude Include="ext\assimp\assimp\importerdesc.h">
      <Filter>ext\assimp\assimp</Filter>
    </ClInclude>
    <ClInclude Include="ext\assimp\assimp\light.h">
      <Filter>ext\assimp\assimp</Filter>
    </ClInclude>
    <ClInclude Include="ext\assimp\assimp\material.h">
      <Filter>ext\assimp\assimp</Filter>
    </ClInclude>
    <ClInclude Include="ext\assimp\assimp\matrix3x3.h">
      <Filter>ext\assimp\assimp</Filter>
    </ClInclude>
    <ClInclude Include="ext\assimp\assimp\matrix4x4.h">
      <Filter>ext\assimp\assimp</Filter>
    </ClInclude>
    <ClInclude Include="ext\assimp\assimp\mesh.h">
      <Filter>ext\assimp\assimp</Filter>
    </ClInclude>
    <ClInclude Include="ext\assimp\assimp\metadata.h">
      <Filter>ext\assimp\assimp</Filter>
    </ClInclude>
    <ClInclude Include="ext\assimp\assimp\pbrmaterial.h">
      <Filter>ext\assimp\assimp</Filter>
    </ClInclude>
    <ClInclude Include="ext\assimp\assimp\port\AndroidJNI\AndroidJNIIOSystem.h">
      <Filter>ext\assimp\assimp\port\AndroidJNI</Filter>
    </ClInclude>
    <ClInclude Include="ext\assimp\assimp\port\AndroidJNI\BundledAssetIOSystem.h">
      <Filter>ext\assimp\assimp\port\AndroidJNI</Filter>
    </ClInclude>
    <ClInclude Include="ext\assimp\assimp\postprocess.h">
      <Filter>ext\assimp\assimp</Filter>
    </ClInclude>
    <ClInclude Include="ext\assimp\assimp\qnan.h">
      <Filter>ext\assimp\assimp</Filter>
    </ClInclude>
    <ClInclude Include="ext\assimp\assimp\quaternion.h">
      <Filter>ext\assimp\assimp</Filter>
    </ClInclude>
    <ClInclude Include="ext\assimp\assimp\revision.h">
      <Filter>ext\assimp\assimp</Filter>
    </ClInclude>
    <ClInclude Include="ext\assimp\assimp\scene.h">
      <Filter>ext\assimp\assimp</Filter>
    </ClInclude>
    <ClInclude Include="ext\assimp\assimp\texture.h">
      <Filter>ext\assimp\assimp</Filter>
    </ClInclude>
    <ClInclude Include="ext\assimp\assimp\types.h">
      <Filter>ext\assimp\assimp</Filter>
    </ClInclude>
    <ClInclude Include="ext\assimp\assimp\vector2.h">
      <Filter>ext\assimp\assimp</Filter>
    </ClInclude>
    <ClInclude Include="ext\assimp\assimp\vector3.h">
      <Filter>ext\assimp\assimp</Filter>
    </ClInclude>
    <ClInclude Include="ext\assimp\assimp\version.h">
      <Filter>ext\assimp\assimp</Filter>
    </ClInclude>
    <ClInclude Include="ext\imgui\imconfig.h">
      <Filter>ext\imgui</Filter>
    </ClInclude>
    <ClInclude Include="ext\imgui\imgui.h">
      <Filter>ext\imgui</Filter>
    </ClInclude>
    <ClInclude Include="ext\imgui\imgui_impl_glfw.h">
      <Filter>ext\imgui</Filter>
    </ClInclude>
    <ClInclude Include="ext\imgui\imgui_impl_opengl3.h">
      <Filter>ext\imgui</Filter>
    </ClInclude>
    <ClInclude Include="ext\imgui\imgui_impl_opengl3_loader.h">
      <Filter>ext\imgui</Filter>
    </ClInclude>
    <ClInclude Include="ext\imgui\imgui_internal.h">
      <Filter>ext\imgui</Filter>
    </ClInclude>
    <ClInclude Include="ext\imgui\imstb_rectpack.h">
      <Filter>ext\imgui</Filter>
    </ClInclude>
    <ClInclude Include="ext\imgui\imstb_textedit.h">
      <Filter>ext\imgui</Filter>
    </ClInclude>
    <ClInclude Include="ext\imgui\imstb_truetype.h">
      <Filter>ext\imgui</Filter>
    </ClInclude>
    <ClInclude Include="ext\opengl\glew\include\GL\eglew.h">
      <Filter>ext\opengl\glew\include\GL</Filter>
    </ClInclude>
    <ClInclude Include="ext\opengl\glew\include\GL\glew.h">
      <Filter>ext\opengl\glew\include\GL</Filter>
    </ClInclude>
    <ClInclude Include="ext\opengl\glew\include\GL\glxew.h">
      <Filter>ext\opengl\glew\include\GL</Filter>
    </ClInclude>
    <ClInclude Include="ext\opengl\glew\include\GL\wglew.h">
      <Filter>ext\opengl\glew\include\GL</Filter>
    </ClInclude>
    <ClInclude Include="ext\opengl\glfw\include\GLFW\glfw3.h">
      <Filter>ext\opengl\glfw\include\GLFW</Filter>
    </ClInclude>
    <ClInclude Include="ext\opengl\glfw\include\GLFW\glfw3native.h">
      <Filter>ext\opengl\glfw\include\GLFW</Filter>
    </ClInclude>
    <ClInclude Include="ext\opengl\glm\simd\common.h">
      <Filter>ext\opengl\glm\simd</Filter>
    </ClInclude>
    <ClInclude Include="ext\opengl\glm\simd\exponential.h">
      <Filter>ext\opengl\glm\simd</Filter>
    </ClInclude>
    <ClInclude Include="ext\opengl\glm\simd\geometric.h">
      <Filter>ext\opengl\glm\simd</Filter>
    </ClInclude>
    <ClInclude Include="ext\opengl\glm\simd\integer.h">
      <Filter>ext\opengl\glm\simd</Filter>
    </ClInclude>
    <ClInclude Include="ext\opengl\glm\simd\matrix.h">
      <Filter>ext\opengl\glm\simd</Filter>
    </ClInclude>
    <ClInclude Include="ext\opengl\glm\simd\neon.h">
      <Filter>ext\opengl\glm\simd</Filter>
    </ClInclude>
    <ClInclude Include="ext\opengl\glm\simd\packing.h">
      <Filter>ext\opengl\glm\simd</Filter>
    </ClInclude>
    <ClInclude Include="ext\opengl\glm\simd\platform.h">
      <Filter>ext\opengl\glm\simd</Filter>
    </ClInclude>
    <ClInclude Include="ext\opengl\glm\simd\trigonometric.h">
      <Filter>ext\opengl\glm\simd</Filter>
    </ClInclude>
    <ClInclude Include="ext\opengl\glm\simd\vector_relational.h">
      <Filter>ext\opengl\glm\simd</Filter>
    </ClInclude>
    <ClInclude Include="ext\stb\stb_image.h">
      <Filter>ext\stb</Filter>
    </ClInclude>
    <ClInclude Include="ext\stb\stb_perlin.h">
      <Filter>ext\stb</Filter>
    </ClInclude>
    <ClInclude Include="ext\zlib\include\zconf.h">
      <Filter>ext\zlib\include</Filter>
    </ClInclude>
    <ClInclude Include="ext\zlib\include\zlib.h">
      <Filter>ext\zlib\include</Filter>
    </ClInclude>
    <ClInclude Include="terrain\Chunk.h">
      <Filter>terrain</Filter>
    </ClInclude>
    <ClInclude Include="terrain\TerrainUtils.h">
      <Filter>terrain</Filter>
    </ClInclude>
    <ClInclude Include="terrain\WorldManager.h">
      <Filter>terrain</Filter>
    </ClInclude>
    <ClInclude Include="terrain\mc_lookupTable.h">
      <Filter>terrain</Filter>
    </ClInclude>
    <ClInclude Include="utils\Camera.h">
      <Filter>utils</Filter>
    </ClInclude>
    <ClInclude Include="utils\Shader.h">
      <Filter>utils</Filter>
    </ClInclude>
    <ClInclude Include="utils\gameObj\Cube.h">
      <Filter>utils\gameObj</Filter>
    </ClInclude>
    <ClInclude Include="utils\stuff\Log.h">
      <Filter>utils\stuff</Filter>
    </ClInclude>
    <ClInclude Include="utils\gameObj\Plane.h" />
    <ClInclude Include="utils\gameObj\IGameObject.h" />
    <ClInclude Include="terrain\ResourcesManager.h" />
    <ClInclude Include="utils\stuff\ComputeShaderEx.h" />
    <ClInclude Include="core\rendering\BatchRenderer.h" />
    <ClInclude Include="terrain\AssetsList.h" />
    <ClInclude Include="ext\stb\FastNoise.h" />
    <ClInclude Include="utils\ComputeShader.h" />
    <ClInclude Include="terrain\mc_trasnLookupTable.h" />
    <ClInclude Include="physics\RayCast.h" />
    <ClInclude Include="physics\CollisionMesh.h" />
    <ClInclude Include="core\Scene.h" />
    <ClInclude Include="scenes\TestScene.h" />
    <ClInclude Include="physics\AxisAlignedBoundingBox.h" />
    <ClInclude Include="physics\SphereCollider.h" />
    <ClInclude Include="physics\IntersectionTests.h" />
  </ItemGroup>
  <ItemGroup>
    <ClCompile Include="core\Engine.cpp">
      <Filter>core</Filter>
    </ClCompile>
    <ClCompile Include="core\rendering\Mesh.cpp">
      <Filter>core\rendering</Filter>
    </ClCompile>
    <ClCompile Include="core\rendering\Model.cpp">
      <Filter>core\rendering</Filter>
    </ClCompile>
    <ClCompile Include="core\rendering\ParticleEmitter.cpp">
      <Filter>core\rendering</Filter>
    </ClCompile>
    <ClCompile Include="core\rendering\RectangleEmissionShape.cpp">
      <Filter>core\rendering</Filter>
    </ClCompile>
    <ClCompile Include="ext\imgui\imgui.cpp">
      <Filter>ext\imgui</Filter>
    </ClCompile>
    <ClCompile Include="ext\imgui\imgui_demo.cpp">
      <Filter>ext\imgui</Filter>
    </ClCompile>
    <ClCompile Include="ext\imgui\imgui_draw.cpp">
      <Filter>ext\imgui</Filter>
    </ClCompile>
    <ClCompile Include="ext\imgui\imgui_impl_glfw.cpp">
      <Filter>ext\imgui</Filter>
    </ClCompile>
    <ClCompile Include="ext\imgui\imgui_impl_opengl3.cpp">
      <Filter>ext\imgui</Filter>
    </ClCompile>
    <ClCompile Include="ext\imgui\imgui_tables.cpp">
      <Filter>ext\imgui</Filter>
    </ClCompile>
    <ClCompile Include="ext\imgui\imgui_widgets.cpp">
      <Filter>ext\imgui</Filter>
    </ClCompile>
    <ClCompile Include="ext\opengl\glm\glm.cppm">
      <Filter>ext\opengl\glm</Filter>
    </ClCompile>
    <ClCompile Include="main.cpp" />
    <ClCompile Include="terrain\Chunk.cpp">
      <Filter>terrain</Filter>
    </ClCompile>
    <ClCompile Include="terrain\TerrainUtils.cpp">
      <Filter>terrain</Filter>
    </ClCompile>
    <ClCompile Include="terrain\WorldManager.cpp">
      <Filter>terrain</Filter>
    </ClCompile>
    <ClCompile Include="utils\Camera.cpp">
      <Filter>utils</Filter>
    </ClCompile>
    <ClCompile Include="utils\Shader.cpp">
      <Filter>utils</Filter>
    </ClCompile>
    <ClCompile Include="utils\gameObj\Cube.cpp">
      <Filter>utils\gameObj</Filter>
    </ClCompile>
    <ClCompile Include="utils\stuff\Impl.cpp">
      <Filter>utils\stuff</Filter>
    </ClCompile>
    <ClCompile Include="utils\gameObj\Plane.cpp" />
    <ClCompile Include="terrain\ResourcesManager.cpp" />
    <ClCompile Include="utils\stuff\ComputeShaderEx.cpp" />
    <ClCompile Include="core\rendering\BatchRenderer.cpp" />
    <ClCompile Include="utils\ComputeShader.cpp" />
    <ClCompile Include="scenes\TestScene.cpp" />
    <ClCompile Include="physics\IntersectionTests.cpp" />
  </ItemGroup>
  <ItemGroup>
    <None Include="utils\shaders\BushModelFrag.frag" />
    <None Include="utils\shaders\BushModelVert.vert" />
    <None Include="utils\shaders\InstancedModelVert.vert" />
    <None Include="utils\computeShaders\noiseGLSL\perlinNoise.glsl" />
    <None Include="utils\computeShaders\math\mod289.glsl" />
    <None Include="utils\computeShaders\math\permute.glsl" />
    <None Include="utils\computeShaders\math\taylorInvSqrt.glsl" />
    <None Include="utils\computeShaders\math\quintic.glsl" />
    <None Include="utils\computeShaders\ChunkCompute.comp" />
    <None Include="utils\computeShaders\MarchingCubes.comp" />
    <None Include="utils\computeShaders\TestCompute.comp" />
    <None Include="utils\shaders\rayCast.frag" />
    <None Include="utils\shaders\rayCastVert.vert" />
  </ItemGroup>
</Project>